{
  "name": "Git-Ai-Commit-Automation",
  "lockfileVersion": 3,
  "requires": true,
  "packages": {
    "": {
      "dependencies": {
        "@owaisrafiq05/git-ai-commit": "^0.1.0"
      }
    },
    "node_modules/@owaisrafiq05/git-ai-commit": {
      "version": "0.1.0",
      "resolved": "https://registry.npmjs.org/@owaisrafiq05/git-ai-commit/-/git-ai-commit-0.1.0.tgz",
      "integrity": "sha512-lsuWhttoHA45/TumacVU6H5jXtg2I/8kOYgCXjBsmIyOwd29VU1jn2LTpkUmMwGpUSq3UpAEUYs4CMfuD4p1XA==",
      "hasInstallScript": true,
      "license": "MIT",
      "bin": {
        "ai-commit": "bin/ai-commit.js",
        "git-ai-commit": "bin/ai-commit.js"
      },
      "engines": {
        "node": ">=18"
      }
    }
  }
}
